{
  "originHash" : "0f878abe53bbbdf062a4d3cca15cfa8ef45688fb494b96acec807209ad7e0f36",
  "pins" : [
    {
      "identity" : "aecaudiostream",
      "kind" : "remoteSourceControl",
      "location" : "https://github.com/lihaoyun6/AECAudioStream.git",
      "state" : {
        "branch" : "main",
        "revision" : "0eab971c1dd0420ee84646c71172dd66fa59117c"
      }
    },
    {
      "identity" : "keyboardshortcuts",
      "kind" : "remoteSourceControl",
      "location" : "https://github.com/sindresorhus/KeyboardShortcuts.git",
      "state" : {
        "revision" : "09e4a10ed6b65b3a40fe07b6bf0c84809313efc4",
        "version" : "2.0.0"
      }
    },
    {
      "identity" : "matrixcolorselector",
      "kind" : "remoteSourceControl",
      "location" : "https://github.com/lihaoyun6/MatrixColorSelector.git",
      "state" : {
        "branch" : "main",
        "revision" : "1f68adbfd1c3f876d3cf3ba0600adeb08621cb88"
      }
    },
    {
      "identity" : "sparkle",
      "kind" : "remoteSourceControl",
      "location" : "https://github.com/sparkle-project/Sparkle",
      "state" : {
        "revision" : "0a4caaf7a81eea2cece651ef4b17331fa0634dff",
        "version" : "2.6.0"
      }
    },
    {
      "identity" : "swiftlame",
      "kind" : "remoteSourceControl",
      "location" : "https://github.com/hidden-spectrum/SwiftLAME.git",
      "state" : {
        "revision" : "e8256a8151594f47f103c742f684253c6c44871d"
      }
    }
  ],
  "version" : 3
}
